{
  "name": "web-audio-project",
  "version": "1.0.0",
  "lockfileVersion": 1,
  "requires": true,
  "dependencies": {
    "@tonaljs/array": {
      "version": "3.2.3",
      "resolved": "https://registry.npmjs.org/@tonaljs/array/-/array-3.2.3.tgz",
      "integrity": "sha512-JREVyC9N+pnJZIY/vTRQbPoTXbHmOCPiMTtG4FDVXt29D1wzTA1l3/NzadOkioVyn2hS21oGZz/wviknHBjH4g==",
      "requires": {
        "@tonaljs/tonal": "^3.2.2"
      }
    },
    "@tonaljs/chord-dictionary": {
      "version": "3.2.3",
      "resolved": "https://registry.npmjs.org/@tonaljs/chord-dictionary/-/chord-dictionary-3.2.3.tgz",
      "integrity": "sha512-7aQFVb0K0zBqTSbn8bzeCnoiSyzWaZq2mZqGJq76neN2Bz5SavWhtuPO6hOMD7n2WVWv3mTn4l3CNBA3KYlsRQ==",
      "requires": {
        "@tonaljs/interval": "^3.2.3",
        "@tonaljs/pcset": "^3.2.3"
      }
    },
    "@tonaljs/interval": {
      "version": "3.2.3",
      "resolved": "https://registry.npmjs.org/@tonaljs/interval/-/interval-3.2.3.tgz",
      "integrity": "sha512-1b/3EWU1vnsLAt+GinozkhsnvwwEJJljkUJdCUZKLEHQ3J7RKGrGjlcz4YzMSXdxoc1Nar/Ipz2pyjkMkm3plA==",
      "requires": {
        "@tonaljs/tonal": "^3.2.2"
      }
    },
    "@tonaljs/pcset": {
      "version": "3.2.3",
      "resolved": "https://registry.npmjs.org/@tonaljs/pcset/-/pcset-3.2.3.tgz",
      "integrity": "sha512-4ggDGelRwlcyTNP17EsCiN7NWnekI5YMFUgZuypjQeLKfE5jlmA8mfOv5/uEfic6aq2MLpInOO4w9rlbMqO+Jw==",
      "requires": {
        "@tonaljs/array": "^3.2.3",
        "@tonaljs/tonal": "^3.2.2"
      }
    },
    "@tonaljs/scale": {
      "version": "3.2.3",
      "resolved": "https://registry.npmjs.org/@tonaljs/scale/-/scale-3.2.3.tgz",
      "integrity": "sha512-vD1wjM1fQ2j9JlWt/XlvH9iMSLSKyFKfU2DtNL9kgJO0r4P2ho50hc1OdpKEBPSEDFzndACqRZda37g8yo2YMQ==",
      "requires": {
        "@tonaljs/array": "^3.2.3",
        "@tonaljs/chord-dictionary": "^3.2.3",
        "@tonaljs/pcset": "^3.2.3",
        "@tonaljs/scale-dictionary": "^3.2.3",
        "@tonaljs/tonal": "^3.2.2"
      }
    },
    "@tonaljs/scale-dictionary": {
      "version": "3.2.3",
      "resolved": "https://registry.npmjs.org/@tonaljs/scale-dictionary/-/scale-dictionary-3.2.3.tgz",
      "integrity": "sha512-Ba8lVAw9kvKsBGSt2nheKx+5FlCWdwW/y3FHxhUv9xhEnlfYJmMkFIcLqbldIyCjSj37RZNvbDZ1eKIac2Hh4w==",
      "requires": {
        "@tonaljs/interval": "^3.2.3",
        "@tonaljs/pcset": "^3.2.3"
      }
    },
    "@tonaljs/tonal": {
      "version": "3.2.2",
      "resolved": "https://registry.npmjs.org/@tonaljs/tonal/-/tonal-3.2.2.tgz",
      "integrity": "sha512-j03zV3gScWyN9uMFlNSB/oQSXYLYrzH2vgkLBo311+dW2t3ChXIqftTI99Z17eEiv2SphU15iQRIoX7xVum4WQ=="
    },
    "audiokeys": {
      "version": "0.1.1",
      "resolved": "https://registry.npmjs.org/audiokeys/-/audiokeys-0.1.1.tgz",
      "integrity": "sha512-6DRwo3gaeeX2OtotgCBRSSnPkEBog66dwoOplOnWlIZovD7G3ZaJxNDQhrJ37BfntyFWo/IdDVaY7ZOCxFEOpA=="
    },
    "lodash": {
      "version": "4.17.15",
      "resolved": "https://registry.npmjs.org/lodash/-/lodash-4.17.15.tgz",
      "integrity": "sha512-8xOcRHvCjnocdS5cpwXQXVzmmh5e5+saE2QGoeQmbKmRS6J3VQppPOIt0MnmE+4xlZoumy0GPG0D0MVIQbNA1A=="
    },
    "tone": {
      "version": "13.8.25",
      "resolved": "https://registry.npmjs.org/tone/-/tone-13.8.25.tgz",
      "integrity": "sha512-8QqmLn+/R+Urib/78zf93+NqFLddXS777kQO7+EbJHwqy+nmug+SJFRp2KIytT0LQY2sJBiopNb2ceHA8uQQJg=="
    },
    "webmidi": {
      "version": "2.5.1",
      "resolved": "https://registry.npmjs.org/webmidi/-/webmidi-2.5.1.tgz",
      "integrity": "sha512-rX9/vBBSnSZR04ZZcLWCe/ujOizH9f/Q9HX11+Zw+HHwOy7edUTbbC3Axc2RjoiDQ2W7RkK1tY4yv0nYSfUcJg=="
    }
  }
}
